
Microsoft Visual Studio Solution File, Format Version 12.00
# Visual Studio 2012
Project("{FAE04EC0-301F-11D3-BF4B-00C04F79EFBC}") = "WpfApplication2", "WpfApplication2\WpfApplication2.csproj", "{A1396F5A-6677-4E7D-862A-0B22C845A7F3}"
EndProject
Global
	GlobalSection(TeamFoundationVersionControl) = preSolution
		SccNumberOfProjects = 2
		SccEnterpriseProvider = {4CA58AB2-18FA-4F8D-95D4-32DDF27D184C}
		SccTeamFoundationServer = https://minhoryang.visualstudio.com/defaultcollection
		SccLocalPath0 = .
		SccProjectUniqueName1 = WpfApplication2\\WpfApplication2.csproj
		SccProjectName1 = WpfApplication2
		SccLocalPath1 = WpfApplication2
	EndGlobalSection
	GlobalSection(SolutionConfigurationPlatforms) = preSolution
		Debug|x86 = Debug|x86
		Release|x86 = Release|x86
	EndGlobalSection
	GlobalSection(ProjectConfigurationPlatforms) = postSolution
		{A1396F5A-6677-4E7D-862A-0B22C845A7F3}.Debug|x86.ActiveCfg = Debug|x86
		{A1396F5A-6677-4E7D-862A-0B22C845A7F3}.Debug|x86.Build.0 = Debug|x86
		{A1396F5A-6677-4E7D-862A-0B22C845A7F3}.Release|x86.ActiveCfg = Release|x86
		{A1396F5A-6677-4E7D-862A-0B22C845A7F3}.Release|x86.Build.0 = Release|x86
	EndGlobalSection
	GlobalSection(SolutionProperties) = preSolution
		HideSolutionNode = FALSE
	EndGlobalSection
EndGlobal
